// !$*UTF8*$!
{
	archiveVersion = 1;
	classes = {
	};
	objectVersion = 46;
	objects = {

/* Begin PBXBuildFile section */
		78D357BC43A54C327FDB6A9A /* Pods_Tumbler.framework in Frameworks */ = {isa = PBXBuildFile; fileRef = 501A9B5FCB061227E795F478 /* Pods_Tumbler.framework */; };
		CEB199C21E8CA19800CD1571 /* AppDelegate.swift in Sources */ = {isa = PBXBuildFile; fileRef = CEB199C11E8CA19800CD1571 /* AppDelegate.swift */; };
		CEB199C71E8CA19800CD1571 /* Main.storyboard in Resources */ = {isa = PBXBuildFile; fileRef = CEB199C51E8CA19800CD1571 /* Main.storyboard */; };
		CEB199C91E8CA19800CD1571 /* Assets.xcassets in Resources */ = {isa = PBXBuildFile; fileRef = CEB199C81E8CA19800CD1571 /* Assets.xcassets */; };
		CEB199CC1E8CA19800CD1571 /* LaunchScreen.storyboard in Resources */ = {isa = PBXBuildFile; fileRef = CEB199CA1E8CA19800CD1571 /* LaunchScreen.storyboard */; };
		CEB199D41E8CA41600CD1571 /* PhotosViewController.swift in Sources */ = {isa = PBXBuildFile; fileRef = CEB199D31E8CA41600CD1571 /* PhotosViewController.swift */; };
/* End PBXBuildFile section */

/* Begin PBXFileReference section */
		4E9C14987BB846117BB44BC6 /* Pods-Tumbler.release.xcconfig */ = {isa = PBXFileReference; includeInIndex = 1; lastKnownFileType = text.xcconfig; name = "Pods-Tumbler.release.xcconfig"; path = "Pods/Target Support Files/Pods-Tumbler/Pods-Tumbler.release.xcconfig"; sourceTree = "<group>"; };
		501A9B5FCB061227E795F478 /* Pods_Tumbler.framework */ = {isa = PBXFileReference; explicitFileType = wrapper.framework; includeInIndex = 0; path = Pods_Tumbler.framework; sourceTree = BUILT_PRODUCTS_DIR; };
		87A40D484B14441CEE0A319D /* Pods-Tumbler.debug.xcconfig */ = {isa = PBXFileReference; includeInIndex = 1; lastKnownFileType = text.xcconfig; name = "Pods-Tumbler.debug.xcconfig"; path = "Pods/Target Support Files/Pods-Tumbler/Pods-Tumbler.debug.xcconfig"; sourceTree = "<group>"; };
		CEB199BE1E8CA19800CD1571 /* Tumbler.app */ = {isa = PBXFileReference; explicitFileType = wrapper.application; includeInIndex = 0; path = Tumbler.app; sourceTree = BUILT_PRODUCTS_DIR; };
		CEB199C11E8CA19800CD1571 /* AppDelegate.swift */ = {isa = PBXFileReference; lastKnownFileType = sourcecode.swift; path = AppDelegate.swift; sourceTree = "<group>"; };
		CEB199C61E8CA19800CD1571 /* Base */ = {isa = PBXFileReference; lastKnownFileType = file.storyboard; name = Base; path = Base.lproj/Main.storyboard; sourceTree = "<group>"; };
		CEB199C81E8CA19800CD1571 /* Assets.xcassets */ = {isa = PBXFileReference; lastKnownFileType = folder.assetcatalog; path = Assets.xcassets; sourceTree = "<group>"; };
		CEB199CB1E8CA19800CD1571 /* Base */ = {isa = PBXFileReference; lastKnownFileType = file.storyboard; name = Base; path = Base.lproj/LaunchScreen.storyboard; sourceTree = "<group>"; };
		CEB199CD1E8CA19800CD1571 /* Info.plist */ = {isa = PBXFileReference; lastKnownFileType = text.plist.xml; path = Info.plist; sourceTree = "<group>"; };
		CEB199D31E8CA41600CD1571 /* PhotosViewController.swift */ = {isa = PBXFileReference; fileEncoding = 4; lastKnownFileType = sourcecode.swift; path = PhotosViewController.swift; sourceTree = "<group>"; };
/* End PBXFileReference section */

/* Begin PBXFrameworksBuildPhase section */
		CEB199BB1E8CA19800CD1571 /* Frameworks */ = {
			isa = PBXFrameworksBuildPhase;
			buildActionMask = 2147483647;
			files = (
				78D357BC43A54C327FDB6A9A /* Pods_Tumbler.framework in Frameworks */,
			);
			runOnlyForDeploymentPostprocessing = 0;
		};
/* End PBXFrameworksBuildPhase section */

/* Begin PBXGroup section */
		53ED51E31FC9010B415206A9 /* Pods */ = {
			isa = PBXGroup;
			children = (
				87A40D484B14441CEE0A319D /* Pods-Tumbler.debug.xcconfig */,
				4E9C14987BB846117BB44BC6 /* Pods-Tumbler.release.xcconfig */,
			);
			name = Pods;
			sourceTree = "<group>";
		};
		76B588FC4600F20C90E27204 /* Frameworks */ = {
			isa = PBXGroup;
			children = (
				501A9B5FCB061227E795F478 /* Pods_Tumbler.framework */,
			);
			name = Frameworks;
			sourceTree = "<group>";
		};
		CEB199B51E8CA19800CD1571 = {
			isa = PBXGroup;
			children = (
				CEB199C01E8CA19800CD1571 /* Tumbler */,
				CEB199BF1E8CA19800CD1571 /* Products */,
				53ED51E31FC9010B415206A9 /* Pods */,
				76B588FC4600F20C90E27204 /* Frameworks */,
			);
			sourceTree = "<group>";
		};
		CEB199BF1E8CA19800CD1571 /* Products */ = {
			isa = PBXGroup;
			children = (
				CEB199BE1E8CA19800CD1571 /* Tumbler.app */,
			);
			name = Products;
			sourceTree = "<group>";
		};
		CEB199C01E8CA19800CD1571 /* Tumbler */ = {
			isa = PBXGroup;
			children = (
				CEB199D31E8CA41600CD1571 /* PhotosViewController.swift */,
				CEB199C11E8CA19800CD1571 /* AppDelegate.swift */,
				CEB199C51E8CA19800CD1571 /* Main.storyboard */,
				CEB199C81E8CA19800CD1571 /* Assets.xcassets */,
				CEB199CA1E8CA19800CD1571 /* LaunchScreen.storyboard */,
				CEB199CD1E8CA19800CD1571 /* Info.plist */,
			);
			path = Tumbler;
			sourceTree = "<group>";
		};
/* End PBXGroup section */

/* Begin PBXNativeTarget section */
		CEB199BD1E8CA19800CD1571 /* Tumbler */ = {
			isa = PBXNativeTarget;
			buildConfigurationList = CEB199D01E8CA19800CD1571 /* Build configuration list for PBXNativeTarget "Tumbler" */;
			buildPhases = (
				B95ABE0E4E502D101DAAA27D /* [CP] Check Pods Manifest.lock */,
				CEB199BA1E8CA19800CD1571 /* Sources */,
				CEB199BB1E8CA19800CD1571 /* Frameworks */,
				CEB199BC1E8CA19800CD1571 /* Resources */,
				54A2029649A0911945048256 /* [CP] Embed Pods Frameworks */,
				3B33D72BB478DAD523E3C503 /* [CP] Copy Pods Resources */,
			);
			buildRules = (
			);
			dependencies = (
			);
			name = Tumbler;
			productName = Tumbler;
			productReference = CEB199BE1E8CA19800CD1571 /* Tumbler.app */;
			productType = "com.apple.product-type.application";
		};
/* End PBXNativeTarget section */

/* Begin PBXProject section */
		CEB199B61E8CA19800CD1571 /* Project object */ = {
			isa = PBXProject;
			attributes = {
				LastSwiftUpdateCheck = 0820;
				LastUpgradeCheck = 0820;
				ORGANIZATIONNAME = CodePath;
				TargetAttributes = {
					CEB199BD1E8CA19800CD1571 = {
						CreatedOnToolsVersion = 8.2.1;
						ProvisioningStyle = Automatic;
					};
				};
			};
			buildConfigurationList = CEB199B91E8CA19800CD1571 /* Build configuration list for PBXProject "Tumbler" */;
			compatibilityVersion = "Xcode 3.2";
			developmentRegion = English;
			hasScannedForEncodings = 0;
			knownRegions = (
				en,
				Base,
			);
			mainGroup = CEB199B51E8CA19800CD1571;
			productRefGroup = CEB199BF1E8CA19800CD1571 /* Products */;
			projectDirPath = "";
			projectRoot = "";
			targets = (
				CEB199BD1E8CA19800CD1571 /* Tumbler */,
			);
		};
/* End PBXProject section */

/* Begin PBXResourcesBuildPhase section */
		CEB199BC1E8CA19800CD1571 /* Resources */ = {
			isa = PBXResourcesBuildPhase;
			buildActionMask = 2147483647;
			files = (
				CEB199CC1E8CA19800CD1571 /* LaunchScreen.storyboard in Resources */,
				CEB199C91E8CA19800CD1571 /* Assets.xcassets in Resources */,
				CEB199C71E8CA19800CD1571 /* Main.storyboard in Resources */,
			);
			runOnlyForDeploymentPostprocessing = 0;
		};
/* End PBXResourcesBuildPhase section */

/* Begin PBXShellScriptBuildPhase section */
		3B33D72BB478DAD523E3C503 /* [CP] Copy Pods Resources */ = {
			isa = PBXShellScriptBuildPhase;
			buildActionMask = 2147483647;
			files = (
			);
			inputPaths = (
			);
			name = "[CP] Copy Pods Resources";
			outputPaths = (
			);
			runOnlyForDeploymentPostprocessing = 0;
			shellPath = /bin/sh;
			shellScript = "\"${SRCROOT}/Pods/Target Support Files/Pods-Tumbler/Pods-Tumbler-resources.sh\"\n";
			showEnvVarsInLog = 0;
		};
		54A2029649A0911945048256 /* [CP] Embed Pods Frameworks */ = {
			isa = PBXShellScriptBuildPhase;
			buildActionMask = 2147483647;
			files = (
			);
			inputPaths = (
			);
			name = "[CP] Embed Pods Frameworks";
			outputPaths = (
			);
			runOnlyForDeploymentPostprocessing = 0;
			shellPath = /bin/sh;
			shellScript = "\"${SRCROOT}/Pods/Target Support Files/Pods-Tumbler/Pods-Tumbler-frameworks.sh\"\n";
			showEnvVarsInLog = 0;
		};
		B95ABE0E4E502D101DAAA27D /* [CP] Check Pods Manifest.lock */ = {
			isa = PBXShellScriptBuildPhase;
			buildActionMask = 2147483647;
			files = (
			);
			inputPaths = (
			);
			name = "[CP] Check Pods Manifest.lock";
			outputPaths = (
			);
			runOnlyForDeploymentPostprocessing = 0;
			shellPath = /bin/sh;
			shellScript = "diff \"${PODS_ROOT}/../Podfile.lock\" \"${PODS_ROOT}/Manifest.lock\" > /dev/null\nif [[ $? != 0 ]] ; then\n    cat << EOM\nerror: The sandbox is not in sync with the Podfile.lock. Run 'pod install' or update your CocoaPods installation.\nEOM\n    exit 1\nfi\n";
			showEnvVarsInLog = 0;
		};
/* End PBXShellScriptBuildPhase section */

/* Begin PBXSourcesBuildPhase section */
		CEB199BA1E8CA19800CD1571 /* Sources */ = {
			isa = PBXSourcesBuildPhase;
			buildActionMask = 2147483647;
			files = (
				CEB199C21E8CA19800CD1571 /* AppDelegate.swift in Sources */,
				CEB199D41E8CA41600CD1571 /* PhotosViewController.swift in Sources */,
			);
			runOnlyForDeploymentPostprocessing = 0;
		};
/* End PBXSourcesBuildPhase section */

/* Begin PBXVariantGroup section */
		CEB199C51E8CA19800CD1571 /* Main.storyboard */ = {
			isa = PBXVariantGroup;
			children = (
				CEB199C61E8CA19800CD1571 /* Base */,
			);
			name = Main.storyboard;
			sourceTree = "<group>";
		};
		CEB199CA1E8CA19800CD1571 /* LaunchScreen.storyboard */ = {
			isa = PBXVariantGroup;
			children = (
				CEB199CB1E8CA19800CD1571 /* Base */,
			);
			name = LaunchScreen.storyboard;
			sourceTree = "<group>";
		};
/* End PBXVariantGroup section */

/* Begin XCBuildConfiguration section */
		CEB199CE1E8CA19800CD1571 /* Debug */ = {
			isa = XCBuildConfiguration;
			buildSettings = {
				ALWAYS_SEARCH_USER_PATHS = NO;
				CLANG_ANALYZER_NONNULL = YES;
				CLANG_CXX_LANGUAGE_STANDARD = "gnu++0x";
				CLANG_CXX_LIBRARY = "libc++";
				CLANG_ENABLE_MODULES = YES;
				CLANG_ENABLE_OBJC_ARC = YES;
				CLANG_WARN_BOOL_CONVERSION = YES;
				CLANG_WARN_CONSTANT_CONVERSION = YES;
				CLANG_WARN_DIRECT_OBJC_ISA_USAGE = YES_ERROR;
				CLANG_WARN_DOCUMENTATION_COMMENTS = YES;
				CLANG_WARN_EMPTY_BODY = YES;
				CLANG_WARN_ENUM_CONVERSION = YES;
				CLANG_WARN_INFINITE_RECURSION = YES;
				CLANG_WARN_INT_CONVERSION = YES;
				CLANG_WARN_OBJC_ROOT_CLASS = YES_ERROR;
				CLANG_WARN_SUSPICIOUS_MOVE = YES;
				CLANG_WARN_UNREACHABLE_CODE = YES;
				CLANG_WARN__DUPLICATE_METHOD_MATCH = YES;
				"CODE_SIGN_IDENTITY[sdk=iphoneos*]" = "iPhone Developer";
				COPY_PHASE_STRIP = NO;
				DEBUG_INFORMATION_FORMAT = dwarf;
				ENABLE_STRICT_OBJC_MSGSEND = YES;
				ENABLE_TESTABILITY = YES;
				GCC_C_LANGUAGE_STANDARD = gnu99;
				GCC_DYNAMIC_NO_PIC = NO;
				GCC_NO_COMMON_BLOCKS = YES;
				GCC_OPTIMIZATION_LEVEL = 0;
				GCC_PREPROCESSOR_DEFINITIONS = (
					"DEBUG=1",
					"$(inherited)",
				);
				GCC_WARN_64_TO_32_BIT_CONVERSION = YES;
				GCC_WARN_ABOUT_RETURN_TYPE = YES_ERROR;
				GCC_WARN_UNDECLARED_SELECTOR = YES;
				GCC_WARN_UNINITIALIZED_AUTOS = YES_AGGRESSIVE;
				GCC_WARN_UNUSED_FUNCTION = YES;
				GCC_WARN_UNUSED_VARIABLE = YES;
				IPHONEOS_DEPLOYMENT_TARGET = 10.2;
				MTL_ENABLE_DEBUG_INFO = YES;
				ONLY_ACTIVE_ARCH = YES;
				SDKROOT = iphoneos;
				SWIFT_ACTIVE_COMPILATION_CONDITIONS = DEBUG;
				SWIFT_OPTIMIZATION_LEVEL = "-Onone";
			};
			name = Debug;
		};
		CEB199CF1E8CA19800CD1571 /* Release */ = {
			isa = XCBuildConfiguration;
			buildSettings = {
				ALWAYS_SEARCH_USER_PATHS = NO;
				CLANG_ANALYZER_NONNULL = YES;
				CLANG_CXX_LANGUAGE_STANDARD = "gnu++0x";
				CLANG_CXX_LIBRARY = "libc++";
				CLANG_ENABLE_MODULES = YES;
				CLANG_ENABLE_OBJC_ARC = YES;
				CLANG_WARN_BOOL_CONVERSION = YES;
				CLANG_WARN_CONSTANT_CONVERSION = YES;
				CLANG_WARN_DIRECT_OBJC_ISA_USAGE = YES_ERROR;
				CLANG_WARN_DOCUMENTATION_COMMENTS = YES;
				CLANG_WARN_EMPTY_BODY = YES;
				CLANG_WARN_ENUM_CONVERSION = YES;
				CLANG_WARN_INFINITE_RECURSION = YES;
				CLANG_WARN_INT_CONVERSION = YES;
				CLANG_WARN_OBJC_ROOT_CLASS = YES_ERROR;
				CLANG_WARN_SUSPICIOUS_MOVE = YES;
				CLANG_WARN_UNREACHABLE_CODE = YES;
				CLANG_WARN__DUPLICATE_METHOD_MATCH = YES;
				"CODE_SIGN_IDENTITY[sdk=iphoneos*]" = "iPhone Developer";
				COPY_PHASE_STRIP = NO;
				DEBUG_INFORMATION_FORMAT = "dwarf-with-dsym";
				ENABLE_NS_ASSERTIONS = NO;
				ENABLE_STRICT_OBJC_MSGSEND = YES;
				GCC_C_LANGUAGE_STANDARD = gnu99;
				GCC_NO_COMMON_BLOCKS = YES;
				GCC_WARN_64_TO_32_BIT_CONVERSION = YES;
				GCC_WARN_ABOUT_RETURN_TYPE = YES_ERROR;
				GCC_WARN_UNDECLARED_SELECTOR = YES;
				GCC_WARN_UNINITIALIZED_AUTOS = YES_AGGRESSIVE;
				GCC_WARN_UNUSED_FUNCTION = YES;
				GCC_WARN_UNUSED_VARIABLE = YES;
				IPHONEOS_DEPLOYMENT_TARGET = 10.2;
				MTL_ENABLE_DEBUG_INFO = NO;
				SDKROOT = iphoneos;
				SWIFT_OPTIMIZATION_LEVEL = "-Owholemodule";
				VALIDATE_PRODUCT = YES;
			};
			name = Release;
		};
		CEB199D11E8CA19800CD1571 /* Debug */ = {
			isa = XCBuildConfiguration;
			baseConfigurationReference = 87A40D484B14441CEE0A319D /* Pods-Tumbler.debug.xcconfig */;
			buildSettings = {
				ASSETCATALOG_COMPILER_APPICON_NAME = AppIcon;
				INFOPLIST_FILE = Tumbler/Info.plist;
				LD_RUNPATH_SEARCH_PATHS = "$(inherited) @executable_path/Frameworks";
				PRODUCT_BUNDLE_IDENTIFIER = com.codePath.Tumbler;
				PRODUCT_NAME = "$(TARGET_NAME)";
				SWIFT_VERSION = 3.0;
			};
			name = Debug;
		};
		CEB199D21E8CA19800CD1571 /* Release */ = {
			isa = XCBuildConfiguration;
			baseConfigurationReference = 4E9C14987BB846117BB44BC6 /* Pods-Tumbler.release.xcconfig */;
			buildSettings = {
				ASSETCATALOG_COMPILER_APPICON_NAME = AppIcon;
				INFOPLIST_FILE = Tumbler/Info.plist;
				LD_RUNPATH_SEARCH_PATHS = "$(inherited) @executable_path/Frameworks";
				PRODUCT_BUNDLE_IDENTIFIER = com.codePath.Tumbler;
				PRODUCT_NAME = "$(TARGET_NAME)";
				SWIFT_VERSION = 3.0;
			};
			name = Release;
		};
/* End XCBuildConfiguration section */

/* Begin XCConfigurationList section */
		CEB199B91E8CA19800CD1571 /* Build configuration list for PBXProject "Tumbler" */ = {
			isa = XCConfigurationList;
			buildConfigurations = (
				CEB199CE1E8CA19800CD1571 /* Debug */,
				CEB199CF1E8CA19800CD1571 /* Release */,
			);
			defaultConfigurationIsVisible = 0;
			defaultConfigurationName = Release;
		};
		CEB199D01E8CA19800CD1571 /* Build configuration list for PBXNativeTarget "Tumbler" */ = {
			isa = XCConfigurationList;
			buildConfigurations = (
				CEB199D11E8CA19800CD1571 /* Debug */,
				CEB199D21E8CA19800CD1571 /* Release */,
			);
			defaultConfigurationIsVisible = 0;
			defaultConfigurationName = Release;
		};
/* End XCConfigurationList section */
	};
	rootObject = CEB199B61E8CA19800CD1571 /* Project object */;
}
